
Microsoft Visual Studio Solution File, Format Version 12.00
# Visual Studio Version 16
VisualStudioVersion = 16.0.34114.132
MinimumVisualStudioVersion = 10.0.40219.1
Project("{FAE04EC0-301F-11D3-BF4B-00C04F79EFBC}") = "05032024", "05032024\05032024.csproj", "{8BBC7CCA-3B48-48CD-9553-6392A9699443}"
EndProject
Global
	GlobalSection(SolutionConfigurationPlatforms) = preSolution
		Debug|Any CPU = Debug|Any CPU
		Release|Any CPU = Release|Any CPU
	EndGlobalSection
	GlobalSection(ProjectConfigurationPlatforms) = postSolution
		{8BBC7CCA-3B48-48CD-9553-6392A9699443}.Debug|Any CPU.ActiveCfg = Debug|Any CPU
		{8BBC7CCA-3B48-48CD-9553-6392A9699443}.Debug|Any CPU.Build.0 = Debug|Any CPU
		{8BBC7CCA-3B48-48CD-9553-6392A9699443}.Release|Any CPU.ActiveCfg = Release|Any CPU
		{8BBC7CCA-3B48-48CD-9553-6392A9699443}.Release|Any CPU.Build.0 = Release|Any CPU
	EndGlobalSection
	GlobalSection(SolutionProperties) = preSolution
		HideSolutionNode = FALSE
	EndGlobalSection
	GlobalSection(ExtensibilityGlobals) = postSolution
		SolutionGuid = {3F3248B7-E235-4475-B419-12699497BF5C}
	EndGlobalSection
EndGlobal
